// !$*UTF8*$!
{
	archiveVersion = 1;
	classes = {
	};
	objectVersion = 48;
	objects = {

/* Begin PBXBuildFile section */
		94351D132068F423005CB8A8 /* MyTabBarController.m in Sources */ = {isa = PBXBuildFile; fileRef = 94351D122068F423005CB8A8 /* MyTabBarController.m */; };
		94351D162068F52D005CB8A8 /* MyTabBarButton.m in Sources */ = {isa = PBXBuildFile; fileRef = 94351D152068F52D005CB8A8 /* MyTabBarButton.m */; };
		94B83B9320638D07003A8410 /* AppDelegate.m in Sources */ = {isa = PBXBuildFile; fileRef = 94B83B9220638D07003A8410 /* AppDelegate.m */; };
		94B83B9920638D07003A8410 /* Main.storyboard in Resources */ = {isa = PBXBuildFile; fileRef = 94B83B9720638D07003A8410 /* Main.storyboard */; };
		94B83B9B20638D07003A8410 /* Assets.xcassets in Resources */ = {isa = PBXBuildFile; fileRef = 94B83B9A20638D07003A8410 /* Assets.xcassets */; };
		94B83B9E20638D07003A8410 /* LaunchScreen.storyboard in Resources */ = {isa = PBXBuildFile; fileRef = 94B83B9C20638D07003A8410 /* LaunchScreen.storyboard */; };
		94B83BA120638D07003A8410 /* main.m in Sources */ = {isa = PBXBuildFile; fileRef = 94B83BA020638D07003A8410 /* main.m */; };
		94B83BAB20638D07003A8410 /* WUCustomTabTests.m in Sources */ = {isa = PBXBuildFile; fileRef = 94B83BAA20638D07003A8410 /* WUCustomTabTests.m */; };
		94B83BB620638D07003A8410 /* WUCustomTabUITests.m in Sources */ = {isa = PBXBuildFile; fileRef = 94B83BB520638D07003A8410 /* WUCustomTabUITests.m */; };
		94B83BCB2063900B003A8410 /* WUOneController.m in Sources */ = {isa = PBXBuildFile; fileRef = 94B83BCA2063900B003A8410 /* WUOneController.m */; };
		94B83BD1206391BE003A8410 /* WUTwoController.m in Sources */ = {isa = PBXBuildFile; fileRef = 94B83BD0206391BE003A8410 /* WUTwoController.m */; };
		94B83BD4206391E0003A8410 /* WUThreeController.m in Sources */ = {isa = PBXBuildFile; fileRef = 94B83BD3206391E0003A8410 /* WUThreeController.m */; };
/* End PBXBuildFile section */

/* Begin PBXContainerItemProxy section */
		94B83BA720638D07003A8410 /* PBXContainerItemProxy */ = {
			isa = PBXContainerItemProxy;
			containerPortal = 94B83B8620638D07003A8410 /* Project object */;
			proxyType = 1;
			remoteGlobalIDString = 94B83B8D20638D07003A8410;
			remoteInfo = WUCustomTab;
		};
		94B83BB220638D07003A8410 /* PBXContainerItemProxy */ = {
			isa = PBXContainerItemProxy;
			containerPortal = 94B83B8620638D07003A8410 /* Project object */;
			proxyType = 1;
			remoteGlobalIDString = 94B83B8D20638D07003A8410;
			remoteInfo = WUCustomTab;
		};
/* End PBXContainerItemProxy section */

/* Begin PBXFileReference section */
		94351D112068F423005CB8A8 /* MyTabBarController.h */ = {isa = PBXFileReference; lastKnownFileType = sourcecode.c.h; path = MyTabBarController.h; sourceTree = "<group>"; };
		94351D122068F423005CB8A8 /* MyTabBarController.m */ = {isa = PBXFileReference; lastKnownFileType = sourcecode.c.objc; path = MyTabBarController.m; sourceTree = "<group>"; };
		94351D142068F52D005CB8A8 /* MyTabBarButton.h */ = {isa = PBXFileReference; lastKnownFileType = sourcecode.c.h; path = MyTabBarButton.h; sourceTree = "<group>"; };
		94351D152068F52D005CB8A8 /* MyTabBarButton.m */ = {isa = PBXFileReference; lastKnownFileType = sourcecode.c.objc; path = MyTabBarButton.m; sourceTree = "<group>"; };
		94B83B8E20638D07003A8410 /* WUCustomTab.app */ = {isa = PBXFileReference; explicitFileType = wrapper.application; includeInIndex = 0; path = WUCustomTab.app; sourceTree = BUILT_PRODUCTS_DIR; };
		94B83B9120638D07003A8410 /* AppDelegate.h */ = {isa = PBXFileReference; lastKnownFileType = sourcecode.c.h; path = AppDelegate.h; sourceTree = "<group>"; };
		94B83B9220638D07003A8410 /* AppDelegate.m */ = {isa = PBXFileReference; lastKnownFileType = sourcecode.c.objc; path = AppDelegate.m; sourceTree = "<group>"; };
		94B83B9820638D07003A8410 /* Base */ = {isa = PBXFileReference; lastKnownFileType = file.storyboard; name = Base; path = Base.lproj/Main.storyboard; sourceTree = "<group>"; };
		94B83B9A20638D07003A8410 /* Assets.xcassets */ = {isa = PBXFileReference; lastKnownFileType = folder.assetcatalog; path = Assets.xcassets; sourceTree = "<group>"; };
		94B83B9D20638D07003A8410 /* Base */ = {isa = PBXFileReference; lastKnownFileType = file.storyboard; name = Base; path = Base.lproj/LaunchScreen.storyboard; sourceTree = "<group>"; };
		94B83B9F20638D07003A8410 /* Info.plist */ = {isa = PBXFileReference; lastKnownFileType = text.plist.xml; path = Info.plist; sourceTree = "<group>"; };
		94B83BA020638D07003A8410 /* main.m */ = {isa = PBXFileReference; lastKnownFileType = sourcecode.c.objc; path = main.m; sourceTree = "<group>"; };
		94B83BA620638D07003A8410 /* WUCustomTabTests.xctest */ = {isa = PBXFileReference; explicitFileType = wrapper.cfbundle; includeInIndex = 0; path = WUCustomTabTests.xctest; sourceTree = BUILT_PRODUCTS_DIR; };
		94B83BAA20638D07003A8410 /* WUCustomTabTests.m */ = {isa = PBXFileReference; lastKnownFileType = sourcecode.c.objc; path = WUCustomTabTests.m; sourceTree = "<group>"; };
		94B83BAC20638D07003A8410 /* Info.plist */ = {isa = PBXFileReference; lastKnownFileType = text.plist.xml; path = Info.plist; sourceTree = "<group>"; };
		94B83BB120638D07003A8410 /* WUCustomTabUITests.xctest */ = {isa = PBXFileReference; explicitFileType = wrapper.cfbundle; includeInIndex = 0; path = WUCustomTabUITests.xctest; sourceTree = BUILT_PRODUCTS_DIR; };
		94B83BB520638D07003A8410 /* WUCustomTabUITests.m */ = {isa = PBXFileReference; lastKnownFileType = sourcecode.c.objc; path = WUCustomTabUITests.m; sourceTree = "<group>"; };
		94B83BB720638D07003A8410 /* Info.plist */ = {isa = PBXFileReference; lastKnownFileType = text.plist.xml; path = Info.plist; sourceTree = "<group>"; };
		94B83BC92063900B003A8410 /* WUOneController.h */ = {isa = PBXFileReference; lastKnownFileType = sourcecode.c.h; path = WUOneController.h; sourceTree = "<group>"; };
		94B83BCA2063900B003A8410 /* WUOneController.m */ = {isa = PBXFileReference; lastKnownFileType = sourcecode.c.objc; path = WUOneController.m; sourceTree = "<group>"; };
		94B83BCF206391BE003A8410 /* WUTwoController.h */ = {isa = PBXFileReference; lastKnownFileType = sourcecode.c.h; path = WUTwoController.h; sourceTree = "<group>"; };
		94B83BD0206391BE003A8410 /* WUTwoController.m */ = {isa = PBXFileReference; lastKnownFileType = sourcecode.c.objc; path = WUTwoController.m; sourceTree = "<group>"; };
		94B83BD2206391E0003A8410 /* WUThreeController.h */ = {isa = PBXFileReference; lastKnownFileType = sourcecode.c.h; path = WUThreeController.h; sourceTree = "<group>"; };
		94B83BD3206391E0003A8410 /* WUThreeController.m */ = {isa = PBXFileReference; lastKnownFileType = sourcecode.c.objc; path = WUThreeController.m; sourceTree = "<group>"; };
/* End PBXFileReference section */

/* Begin PBXFrameworksBuildPhase section */
		94B83B8B20638D07003A8410 /* Frameworks */ = {
			isa = PBXFrameworksBuildPhase;
			buildActionMask = 2147483647;
			files = (
			);
			runOnlyForDeploymentPostprocessing = 0;
		};
		94B83BA320638D07003A8410 /* Frameworks */ = {
			isa = PBXFrameworksBuildPhase;
			buildActionMask = 2147483647;
			files = (
			);
			runOnlyForDeploymentPostprocessing = 0;
		};
		94B83BAE20638D07003A8410 /* Frameworks */ = {
			isa = PBXFrameworksBuildPhase;
			buildActionMask = 2147483647;
			files = (
			);
			runOnlyForDeploymentPostprocessing = 0;
		};
/* End PBXFrameworksBuildPhase section */

/* Begin PBXGroup section */
		94B83B8520638D07003A8410 = {
			isa = PBXGroup;
			children = (
				94B83B9020638D07003A8410 /* WUCustomTab */,
				94B83BA920638D07003A8410 /* WUCustomTabTests */,
				94B83BB420638D07003A8410 /* WUCustomTabUITests */,
				94B83B8F20638D07003A8410 /* Products */,
			);
			sourceTree = "<group>";
		};
		94B83B8F20638D07003A8410 /* Products */ = {
			isa = PBXGroup;
			children = (
				94B83B8E20638D07003A8410 /* WUCustomTab.app */,
				94B83BA620638D07003A8410 /* WUCustomTabTests.xctest */,
				94B83BB120638D07003A8410 /* WUCustomTabUITests.xctest */,
			);
			name = Products;
			sourceTree = "<group>";
		};
		94B83B9020638D07003A8410 /* WUCustomTab */ = {
			isa = PBXGroup;
			children = (
				94B83B9120638D07003A8410 /* AppDelegate.h */,
				94B83B9220638D07003A8410 /* AppDelegate.m */,
				94B83BC92063900B003A8410 /* WUOneController.h */,
				94B83BCA2063900B003A8410 /* WUOneController.m */,
				94B83BCF206391BE003A8410 /* WUTwoController.h */,
				94B83BD0206391BE003A8410 /* WUTwoController.m */,
				94B83BD2206391E0003A8410 /* WUThreeController.h */,
				94B83BD3206391E0003A8410 /* WUThreeController.m */,
				94B83B9720638D07003A8410 /* Main.storyboard */,
				94B83B9A20638D07003A8410 /* Assets.xcassets */,
				94B83B9C20638D07003A8410 /* LaunchScreen.storyboard */,
				94B83B9F20638D07003A8410 /* Info.plist */,
				94B83BA020638D07003A8410 /* main.m */,
				94351D112068F423005CB8A8 /* MyTabBarController.h */,
				94351D122068F423005CB8A8 /* MyTabBarController.m */,
				94351D142068F52D005CB8A8 /* MyTabBarButton.h */,
				94351D152068F52D005CB8A8 /* MyTabBarButton.m */,
			);
			path = WUCustomTab;
			sourceTree = "<group>";
		};
		94B83BA920638D07003A8410 /* WUCustomTabTests */ = {
			isa = PBXGroup;
			children = (
				94B83BAA20638D07003A8410 /* WUCustomTabTests.m */,
				94B83BAC20638D07003A8410 /* Info.plist */,
			);
			path = WUCustomTabTests;
			sourceTree = "<group>";
		};
		94B83BB420638D07003A8410 /* WUCustomTabUITests */ = {
			isa = PBXGroup;
			children = (
				94B83BB520638D07003A8410 /* WUCustomTabUITests.m */,
				94B83BB720638D07003A8410 /* Info.plist */,
			);
			path = WUCustomTabUITests;
			sourceTree = "<group>";
		};
/* End PBXGroup section */

/* Begin PBXNativeTarget section */
		94B83B8D20638D07003A8410 /* WUCustomTab */ = {
			isa = PBXNativeTarget;
			buildConfigurationList = 94B83BBA20638D07003A8410 /* Build configuration list for PBXNativeTarget "WUCustomTab" */;
			buildPhases = (
				94B83B8A20638D07003A8410 /* Sources */,
				94B83B8B20638D07003A8410 /* Frameworks */,
				94B83B8C20638D07003A8410 /* Resources */,
			);
			buildRules = (
			);
			dependencies = (
			);
			name = WUCustomTab;
			productName = WUCustomTab;
			productReference = 94B83B8E20638D07003A8410 /* WUCustomTab.app */;
			productType = "com.apple.product-type.application";
		};
		94B83BA520638D07003A8410 /* WUCustomTabTests */ = {
			isa = PBXNativeTarget;
			buildConfigurationList = 94B83BBD20638D07003A8410 /* Build configuration list for PBXNativeTarget "WUCustomTabTests" */;
			buildPhases = (
				94B83BA220638D07003A8410 /* Sources */,
				94B83BA320638D07003A8410 /* Frameworks */,
				94B83BA420638D07003A8410 /* Resources */,
			);
			buildRules = (
			);
			dependencies = (
				94B83BA820638D07003A8410 /* PBXTargetDependency */,
			);
			name = WUCustomTabTests;
			productName = WUCustomTabTests;
			productReference = 94B83BA620638D07003A8410 /* WUCustomTabTests.xctest */;
			productType = "com.apple.product-type.bundle.unit-test";
		};
		94B83BB020638D07003A8410 /* WUCustomTabUITests */ = {
			isa = PBXNativeTarget;
			buildConfigurationList = 94B83BC020638D07003A8410 /* Build configuration list for PBXNativeTarget "WUCustomTabUITests" */;
			buildPhases = (
				94B83BAD20638D07003A8410 /* Sources */,
				94B83BAE20638D07003A8410 /* Frameworks */,
				94B83BAF20638D07003A8410 /* Resources */,
			);
			buildRules = (
			);
			dependencies = (
				94B83BB320638D07003A8410 /* PBXTargetDependency */,
			);
			name = WUCustomTabUITests;
			productName = WUCustomTabUITests;
			productReference = 94B83BB120638D07003A8410 /* WUCustomTabUITests.xctest */;
			productType = "com.apple.product-type.bundle.ui-testing";
		};
/* End PBXNativeTarget section */

/* Begin PBXProject section */
		94B83B8620638D07003A8410 /* Project object */ = {
			isa = PBXProject;
			attributes = {
				LastUpgradeCheck = 0920;
				ORGANIZATIONNAME = asun;
				TargetAttributes = {
					94B83B8D20638D07003A8410 = {
						CreatedOnToolsVersion = 9.2;
						ProvisioningStyle = Automatic;
					};
					94B83BA520638D07003A8410 = {
						CreatedOnToolsVersion = 9.2;
						ProvisioningStyle = Automatic;
						TestTargetID = 94B83B8D20638D07003A8410;
					};
					94B83BB020638D07003A8410 = {
						CreatedOnToolsVersion = 9.2;
						ProvisioningStyle = Automatic;
						TestTargetID = 94B83B8D20638D07003A8410;
					};
				};
			};
			buildConfigurationList = 94B83B8920638D07003A8410 /* Build configuration list for PBXProject "WUCustomTab" */;
			compatibilityVersion = "Xcode 8.0";
			developmentRegion = en;
			hasScannedForEncodings = 0;
			knownRegions = (
				en,
				Base,
			);
			mainGroup = 94B83B8520638D07003A8410;
			productRefGroup = 94B83B8F20638D07003A8410 /* Products */;
			projectDirPath = "";
			projectRoot = "";
			targets = (
				94B83B8D20638D07003A8410 /* WUCustomTab */,
				94B83BA520638D07003A8410 /* WUCustomTabTests */,
				94B83BB020638D07003A8410 /* WUCustomTabUITests */,
			);
		};
/* End PBXProject section */

/* Begin PBXResourcesBuildPhase section */
		94B83B8C20638D07003A8410 /* Resources */ = {
			isa = PBXResourcesBuildPhase;
			buildActionMask = 2147483647;
			files = (
				94B83B9E20638D07003A8410 /* LaunchScreen.storyboard in Resources */,
				94B83B9B20638D07003A8410 /* Assets.xcassets in Resources */,
				94B83B9920638D07003A8410 /* Main.storyboard in Resources */,
			);
			runOnlyForDeploymentPostprocessing = 0;
		};
		94B83BA420638D07003A8410 /* Resources */ = {
			isa = PBXResourcesBuildPhase;
			buildActionMask = 2147483647;
			files = (
			);
			runOnlyForDeploymentPostprocessing = 0;
		};
		94B83BAF20638D07003A8410 /* Resources */ = {
			isa = PBXResourcesBuildPhase;
			buildActionMask = 2147483647;
			files = (
			);
			runOnlyForDeploymentPostprocessing = 0;
		};
/* End PBXResourcesBuildPhase section */

/* Begin PBXSourcesBuildPhase section */
		94B83B8A20638D07003A8410 /* Sources */ = {
			isa = PBXSourcesBuildPhase;
			buildActionMask = 2147483647;
			files = (
				94B83BD4206391E0003A8410 /* WUThreeController.m in Sources */,
				94351D162068F52D005CB8A8 /* MyTabBarButton.m in Sources */,
				94B83BD1206391BE003A8410 /* WUTwoController.m in Sources */,
				94B83BA120638D07003A8410 /* main.m in Sources */,
				94B83BCB2063900B003A8410 /* WUOneController.m in Sources */,
				94B83B9320638D07003A8410 /* AppDelegate.m in Sources */,
				94351D132068F423005CB8A8 /* MyTabBarController.m in Sources */,
			);
			runOnlyForDeploymentPostprocessing = 0;
		};
		94B83BA220638D07003A8410 /* Sources */ = {
			isa = PBXSourcesBuildPhase;
			buildActionMask = 2147483647;
			files = (
				94B83BAB20638D07003A8410 /* WUCustomTabTests.m in Sources */,
			);
			runOnlyForDeploymentPostprocessing = 0;
		};
		94B83BAD20638D07003A8410 /* Sources */ = {
			isa = PBXSourcesBuildPhase;
			buildActionMask = 2147483647;
			files = (
				94B83BB620638D07003A8410 /* WUCustomTabUITests.m in Sources */,
			);
			runOnlyForDeploymentPostprocessing = 0;
		};
/* End PBXSourcesBuildPhase section */

/* Begin PBXTargetDependency section */
		94B83BA820638D07003A8410 /* PBXTargetDependency */ = {
			isa = PBXTargetDependency;
			target = 94B83B8D20638D07003A8410 /* WUCustomTab */;
			targetProxy = 94B83BA720638D07003A8410 /* PBXContainerItemProxy */;
		};
		94B83BB320638D07003A8410 /* PBXTargetDependency */ = {
			isa = PBXTargetDependency;
			target = 94B83B8D20638D07003A8410 /* WUCustomTab */;
			targetProxy = 94B83BB220638D07003A8410 /* PBXContainerItemProxy */;
		};
/* End PBXTargetDependency section */

/* Begin PBXVariantGroup section */
		94B83B9720638D07003A8410 /* Main.storyboard */ = {
			isa = PBXVariantGroup;
			children = (
				94B83B9820638D07003A8410 /* Base */,
			);
			name = Main.storyboard;
			sourceTree = "<group>";
		};
		94B83B9C20638D07003A8410 /* LaunchScreen.storyboard */ = {
			isa = PBXVariantGroup;
			children = (
				94B83B9D20638D07003A8410 /* Base */,
			);
			name = LaunchScreen.storyboard;
			sourceTree = "<group>";
		};
/* End PBXVariantGroup section */

/* Begin XCBuildConfiguration section */
		94B83BB820638D07003A8410 /* Debug */ = {
			isa = XCBuildConfiguration;
			buildSettings = {
				ALWAYS_SEARCH_USER_PATHS = NO;
				CLANG_ANALYZER_NONNULL = YES;
				CLANG_ANALYZER_NUMBER_OBJECT_CONVERSION = YES_AGGRESSIVE;
				CLANG_CXX_LANGUAGE_STANDARD = "gnu++14";
				CLANG_CXX_LIBRARY = "libc++";
				CLANG_ENABLE_MODULES = YES;
				CLANG_ENABLE_OBJC_ARC = YES;
				CLANG_WARN_BLOCK_CAPTURE_AUTORELEASING = YES;
				CLANG_WARN_BOOL_CONVERSION = YES;
				CLANG_WARN_COMMA = YES;
				CLANG_WARN_CONSTANT_CONVERSION = YES;
				CLANG_WARN_DIRECT_OBJC_ISA_USAGE = YES_ERROR;
				CLANG_WARN_DOCUMENTATION_COMMENTS = YES;
				CLANG_WARN_EMPTY_BODY = YES;
				CLANG_WARN_ENUM_CONVERSION = YES;
				CLANG_WARN_INFINITE_RECURSION = YES;
				CLANG_WARN_INT_CONVERSION = YES;
				CLANG_WARN_NON_LITERAL_NULL_CONVERSION = YES;
				CLANG_WARN_OBJC_LITERAL_CONVERSION = YES;
				CLANG_WARN_OBJC_ROOT_CLASS = YES_ERROR;
				CLANG_WARN_RANGE_LOOP_ANALYSIS = YES;
				CLANG_WARN_STRICT_PROTOTYPES = YES;
				CLANG_WARN_SUSPICIOUS_MOVE = YES;
				CLANG_WARN_UNGUARDED_AVAILABILITY = YES_AGGRESSIVE;
				CLANG_WARN_UNREACHABLE_CODE = YES;
				CLANG_WARN__DUPLICATE_METHOD_MATCH = YES;
				CODE_SIGN_IDENTITY = "iPhone Developer";
				COPY_PHASE_STRIP = NO;
				DEBUG_INFORMATION_FORMAT = dwarf;
				ENABLE_STRICT_OBJC_MSGSEND = YES;
				ENABLE_TESTABILITY = YES;
				GCC_C_LANGUAGE_STANDARD = gnu11;
				GCC_DYNAMIC_NO_PIC = NO;
				GCC_NO_COMMON_BLOCKS = YES;
				GCC_OPTIMIZATION_LEVEL = 0;
				GCC_PREPROCESSOR_DEFINITIONS = (
					"DEBUG=1",
					"$(inherited)",
				);
				GCC_WARN_64_TO_32_BIT_CONVERSION = YES;
				GCC_WARN_ABOUT_RETURN_TYPE = YES_ERROR;
				GCC_WARN_UNDECLARED_SELECTOR = YES;
				GCC_WARN_UNINITIALIZED_AUTOS = YES_AGGRESSIVE;
				GCC_WARN_UNUSED_FUNCTION = YES;
				GCC_WARN_UNUSED_VARIABLE = YES;
				IPHONEOS_DEPLOYMENT_TARGET = 11.2;
				MTL_ENABLE_DEBUG_INFO = YES;
				ONLY_ACTIVE_ARCH = YES;
				SDKROOT = iphoneos;
			};
			name = Debug;
		};
		94B83BB920638D07003A8410 /* Release */ = {
			isa = XCBuildConfiguration;
			buildSettings = {
				ALWAYS_SEARCH_USER_PATHS = NO;
				CLANG_ANALYZER_NONNULL = YES;
				CLANG_ANALYZER_NUMBER_OBJECT_CONVERSION = YES_AGGRESSIVE;
				CLANG_CXX_LANGUAGE_STANDARD = "gnu++14";
				CLANG_CXX_LIBRARY = "libc++";
				CLANG_ENABLE_MODULES = YES;
				CLANG_ENABLE_OBJC_ARC = YES;
				CLANG_WARN_BLOCK_CAPTURE_AUTORELEASING = YES;
				CLANG_WARN_BOOL_CONVERSION = YES;
				CLANG_WARN_COMMA = YES;
				CLANG_WARN_CONSTANT_CONVERSION = YES;
				CLANG_WARN_DIRECT_OBJC_ISA_USAGE = YES_ERROR;
				CLANG_WARN_DOCUMENTATION_COMMENTS = YES;
				CLANG_WARN_EMPTY_BODY = YES;
				CLANG_WARN_ENUM_CONVERSION = YES;
				CLANG_WARN_INFINITE_RECURSION = YES;
				CLANG_WARN_INT_CONVERSION = YES;
				CLANG_WARN_NON_LITERAL_NULL_CONVERSION = YES;
				CLANG_WARN_OBJC_LITERAL_CONVERSION = YES;
				CLANG_WARN_OBJC_ROOT_CLASS = YES_ERROR;
				CLANG_WARN_RANGE_LOOP_ANALYSIS = YES;
				CLANG_WARN_STRICT_PROTOTYPES = YES;
				CLANG_WARN_SUSPICIOUS_MOVE = YES;
				CLANG_WARN_UNGUARDED_AVAILABILITY = YES_AGGRESSIVE;
				CLANG_WARN_UNREACHABLE_CODE = YES;
				CLANG_WARN__DUPLICATE_METHOD_MATCH = YES;
				CODE_SIGN_IDENTITY = "iPhone Developer";
				COPY_PHASE_STRIP = NO;
				DEBUG_INFORMATION_FORMAT = "dwarf-with-dsym";
				ENABLE_NS_ASSERTIONS = NO;
				ENABLE_STRICT_OBJC_MSGSEND = YES;
				GCC_C_LANGUAGE_STANDARD = gnu11;
				GCC_NO_COMMON_BLOCKS = YES;
				GCC_WARN_64_TO_32_BIT_CONVERSION = YES;
				GCC_WARN_ABOUT_RETURN_TYPE = YES_ERROR;
				GCC_WARN_UNDECLARED_SELECTOR = YES;
				GCC_WARN_UNINITIALIZED_AUTOS = YES_AGGRESSIVE;
				GCC_WARN_UNUSED_FUNCTION = YES;
				GCC_WARN_UNUSED_VARIABLE = YES;
				IPHONEOS_DEPLOYMENT_TARGET = 11.2;
				MTL_ENABLE_DEBUG_INFO = NO;
				SDKROOT = iphoneos;
				VALIDATE_PRODUCT = YES;
			};
			name = Release;
		};
		94B83BBB20638D07003A8410 /* Debug */ = {
			isa = XCBuildConfiguration;
			buildSettings = {
				ASSETCATALOG_COMPILER_APPICON_NAME = AppIcon;
				CODE_SIGN_STYLE = Automatic;
				DEVELOPMENT_TEAM = K6P5E2ZJ9B;
				INFOPLIST_FILE = WUCustomTab/Info.plist;
				LD_RUNPATH_SEARCH_PATHS = "$(inherited) @executable_path/Frameworks";
				PRODUCT_BUNDLE_IDENTIFIER = com.wu.WUCustomTab;
				PRODUCT_NAME = "$(TARGET_NAME)";
				TARGETED_DEVICE_FAMILY = "1,2";
			};
			name = Debug;
		};
		94B83BBC20638D07003A8410 /* Release */ = {
			isa = XCBuildConfiguration;
			buildSettings = {
				ASSETCATALOG_COMPILER_APPICON_NAME = AppIcon;
				CODE_SIGN_STYLE = Automatic;
				DEVELOPMENT_TEAM = K6P5E2ZJ9B;
				INFOPLIST_FILE = WUCustomTab/Info.plist;
				LD_RUNPATH_SEARCH_PATHS = "$(inherited) @executable_path/Frameworks";
				PRODUCT_BUNDLE_IDENTIFIER = com.wu.WUCustomTab;
				PRODUCT_NAME = "$(TARGET_NAME)";
				TARGETED_DEVICE_FAMILY = "1,2";
			};
			name = Release;
		};
		94B83BBE20638D07003A8410 /* Debug */ = {
			isa = XCBuildConfiguration;
			buildSettings = {
				BUNDLE_LOADER = "$(TEST_HOST)";
				CODE_SIGN_STYLE = Automatic;
				DEVELOPMENT_TEAM = K6P5E2ZJ9B;
				INFOPLIST_FILE = WUCustomTabTests/Info.plist;
				LD_RUNPATH_SEARCH_PATHS = "$(inherited) @executable_path/Frameworks @loader_path/Frameworks";
				PRODUCT_BUNDLE_IDENTIFIER = com.wu.WUCustomTabTests;
				PRODUCT_NAME = "$(TARGET_NAME)";
				TARGETED_DEVICE_FAMILY = "1,2";
				TEST_HOST = "$(BUILT_PRODUCTS_DIR)/WUCustomTab.app/WUCustomTab";
			};
			name = Debug;
		};
		94B83BBF20638D07003A8410 /* Release */ = {
			isa = XCBuildConfiguration;
			buildSettings = {
				BUNDLE_LOADER = "$(TEST_HOST)";
				CODE_SIGN_STYLE = Automatic;
				DEVELOPMENT_TEAM = K6P5E2ZJ9B;
				INFOPLIST_FILE = WUCustomTabTests/Info.plist;
				LD_RUNPATH_SEARCH_PATHS = "$(inherited) @executable_path/Frameworks @loader_path/Frameworks";
				PRODUCT_BUNDLE_IDENTIFIER = com.wu.WUCustomTabTests;
				PRODUCT_NAME = "$(TARGET_NAME)";
				TARGETED_DEVICE_FAMILY = "1,2";
				TEST_HOST = "$(BUILT_PRODUCTS_DIR)/WUCustomTab.app/WUCustomTab";
			};
			name = Release;
		};
		94B83BC120638D07003A8410 /* Debug */ = {
			isa = XCBuildConfiguration;
			buildSettings = {
				CODE_SIGN_STYLE = Automatic;
				DEVELOPMENT_TEAM = K6P5E2ZJ9B;
				INFOPLIST_FILE = WUCustomTabUITests/Info.plist;
				LD_RUNPATH_SEARCH_PATHS = "$(inherited) @executable_path/Frameworks @loader_path/Frameworks";
				PRODUCT_BUNDLE_IDENTIFIER = com.wu.WUCustomTabUITests;
				PRODUCT_NAME = "$(TARGET_NAME)";
				TARGETED_DEVICE_FAMILY = "1,2";
				TEST_TARGET_NAME = WUCustomTab;
			};
			name = Debug;
		};
		94B83BC220638D07003A8410 /* Release */ = {
			isa = XCBuildConfiguration;
			buildSettings = {
				CODE_SIGN_STYLE = Automatic;
				DEVELOPMENT_TEAM = K6P5E2ZJ9B;
				INFOPLIST_FILE = WUCustomTabUITests/Info.plist;
				LD_RUNPATH_SEARCH_PATHS = "$(inherited) @executable_path/Frameworks @loader_path/Frameworks";
				PRODUCT_BUNDLE_IDENTIFIER = com.wu.WUCustomTabUITests;
				PRODUCT_NAME = "$(TARGET_NAME)";
				TARGETED_DEVICE_FAMILY = "1,2";
				TEST_TARGET_NAME = WUCustomTab;
			};
			name = Release;
		};
/* End XCBuildConfiguration section */

/* Begin XCConfigurationList section */
		94B83B8920638D07003A8410 /* Build configuration list for PBXProject "WUCustomTab" */ = {
			isa = XCConfigurationList;
			buildConfigurations = (
				94B83BB820638D07003A8410 /* Debug */,
				94B83BB920638D07003A8410 /* Release */,
			);
			defaultConfigurationIsVisible = 0;
			defaultConfigurationName = Release;
		};
		94B83BBA20638D07003A8410 /* Build configuration list for PBXNativeTarget "WUCustomTab" */ = {
			isa = XCConfigurationList;
			buildConfigurations = (
				94B83BBB20638D07003A8410 /* Debug */,
				94B83BBC20638D07003A8410 /* Release */,
			);
			defaultConfigurationIsVisible = 0;
			defaultConfigurationName = Release;
		};
		94B83BBD20638D07003A8410 /* Build configuration list for PBXNativeTarget "WUCustomTabTests" */ = {
			isa = XCConfigurationList;
			buildConfigurations = (
				94B83BBE20638D07003A8410 /* Debug */,
				94B83BBF20638D07003A8410 /* Release */,
			);
			defaultConfigurationIsVisible = 0;
			defaultConfigurationName = Release;
		};
		94B83BC020638D07003A8410 /* Build configuration list for PBXNativeTarget "WUCustomTabUITests" */ = {
			isa = XCConfigurationList;
			buildConfigurations = (
				94B83BC120638D07003A8410 /* Debug */,
				94B83BC220638D07003A8410 /* Release */,
			);
			defaultConfigurationIsVisible = 0;
			defaultConfigurationName = Release;
		};
/* End XCConfigurationList section */
	};
	rootObject = 94B83B8620638D07003A8410 /* Project object */;
}
